{
  "name": "mosel",
  "version": "1.0.0",
  "lockfileVersion": 1,
  "requires": true,
  "dependencies": {
    "async-deco": {
      "version": "7.6.0",
      "resolved": "https://registry.npmjs.org/async-deco/-/async-deco-7.6.0.tgz",
      "integrity": "sha1-IjBsg2tA5FGu0MIOebxQ0ANKiK0=",
      "requires": {
        "es6-promisify": "3.0.0",
        "little-ds-toolkit": "0.2.1",
        "lodash": "4.17.4",
        "memoize-cache-utils": "0.0.2",
        "occamsrazor-match": "4.1.0",
        "require-all": "2.2.0",
        "setimmediate": "1.0.5",
        "uuid": "2.0.3"
      },
      "dependencies": {
        "lodash": {
          "version": "4.17.4",
          "resolved": "https://registry.npmjs.org/lodash/-/lodash-4.17.4.tgz",
          "integrity": "sha1-eCA6TRwyiuHYbcpkYONptX9AVa4="
        }
      }
    },
    "babel-runtime": {
      "version": "6.26.0",
      "resolved": "https://registry.npmjs.org/babel-runtime/-/babel-runtime-6.26.0.tgz",
      "integrity": "sha1-llxwWGaOgrVde/4E/yM3vItWR/4=",
      "requires": {
        "core-js": "2.5.3",
        "regenerator-runtime": "0.11.1"
      }
    },
    "better-sqlite3": {
      "version": "4.1.0",
      "resolved": "https://registry.npmjs.org/better-sqlite3/-/better-sqlite3-4.1.0.tgz",
      "integrity": "sha512-IYcH1F14DfdIzDzSg7TF+0b+GpYmf6UFgV0ZWsaaczy548/S5LFMkYeKHl8EAOQQb1mSHt0lkJA0BGHMRwGOcg==",
      "requires": {
        "bindings": "1.3.0",
        "integer": "1.0.3",
        "lzz-gyp": "0.4.2"
      }
    },
    "bindings": {
      "version": "1.3.0",
      "resolved": "https://registry.npmjs.org/bindings/-/bindings-1.3.0.tgz",
      "integrity": "sha512-DpLh5EzMR2kzvX1KIlVC0VkC3iZtHKTgdtZ0a3pglBZdaQFjt5S9g9xd1lE+YvXyfd6mtCeRnrUfOLYiTMlNSw=="
    },
    "clone-regexp": {
      "version": "1.0.0",
      "resolved": "https://registry.npmjs.org/clone-regexp/-/clone-regexp-1.0.0.tgz",
      "integrity": "sha1-6uCiQT9VwJQvgYwin+/OhF1/Oxw=",
      "requires": {
        "is-regexp": "1.0.0",
        "is-supported-regexp-flag": "1.0.0"
      }
    },
    "cluster": {
      "version": "0.7.7",
      "resolved": "https://registry.npmjs.org/cluster/-/cluster-0.7.7.tgz",
      "integrity": "sha1-5JfiZ8yVa9CwUTrbSqOTNX0Ahe8=",
      "requires": {
        "log": "1.4.0",
        "mkdirp": "0.5.1"
      }
    },
    "core-js": {
      "version": "2.5.3",
      "resolved": "https://registry.npmjs.org/core-js/-/core-js-2.5.3.tgz",
      "integrity": "sha1-isw4NFgk8W2DZbfJtCWRaOjtYD4="
    },
    "csv-parse": {
      "version": "2.0.0",
      "resolved": "https://registry.npmjs.org/csv-parse/-/csv-parse-2.0.0.tgz",
      "integrity": "sha1-TqIslzIzmH8HaIxgGi1GAjT/VtE="
    },
    "csv-stringify": {
      "version": "1.1.2",
      "resolved": "https://registry.npmjs.org/csv-stringify/-/csv-stringify-1.1.2.tgz",
      "integrity": "sha1-d6QVJlgbzjOA8SsA18W7rHDIK1g=",
      "requires": {
        "lodash.get": "4.4.2"
      }
    },
    "dateformat": {
      "version": "3.0.2",
      "resolved": "https://registry.npmjs.org/dateformat/-/dateformat-3.0.2.tgz",
      "integrity": "sha1-mk30v/FYrC80vGN6vbFUcWB+Flk="
    },
    "denodeify": {
      "version": "1.2.1",
      "resolved": "https://registry.npmjs.org/denodeify/-/denodeify-1.2.1.tgz",
      "integrity": "sha1-OjYof1A05pnnV3kBBSwubJQlFjE="
    },
    "dequeue": {
      "version": "1.0.5",
      "resolved": "https://registry.npmjs.org/dequeue/-/dequeue-1.0.5.tgz",
      "integrity": "sha1-EPHO8H4yNLIdyzj0v6LWYDSrZ8c="
    },
    "es6-promise": {
      "version": "3.3.1",
      "resolved": "https://registry.npmjs.org/es6-promise/-/es6-promise-3.3.1.tgz",
      "integrity": "sha1-oIzd6EzNvzTQJ6FFG8kdS80ophM="
    },
    "es6-promisify": {
      "version": "3.0.0",
      "resolved": "https://registry.npmjs.org/es6-promisify/-/es6-promisify-3.0.0.tgz",
      "integrity": "sha1-IiJrkpVzF/llJH7f3pKV+D7+voY=",
      "requires": {
        "es6-promise": "3.3.1"
      }
    },
    "fs-ext": {
      "version": "0.5.0",
      "resolved": "https://registry.npmjs.org/fs-ext/-/fs-ext-0.5.0.tgz",
      "integrity": "sha1-nB+aILjn4BLgqRS14ZEyck9E9p4=",
      "requires": {
        "nan": "2.8.0"
      }
    },
    "integer": {
      "version": "1.0.3",
      "resolved": "https://registry.npmjs.org/integer/-/integer-1.0.3.tgz",
      "integrity": "sha512-yXyGHha2cDP6qyc9EMR9SsRVYhD7gvmXgVdLhKbyE8seHx0WVo11RRRU1p+sQearQMe1Ezfc8prWx5BnmSaVVA==",
      "requires": {
        "bindings": "1.3.0"
      }
    },
    "is-regexp": {
      "version": "1.0.0",
      "resolved": "https://registry.npmjs.org/is-regexp/-/is-regexp-1.0.0.tgz",
      "integrity": "sha1-/S2INUXEa6xaYz57mgnof6LLUGk="
    },
    "is-supported-regexp-flag": {
      "version": "1.0.0",
      "resolved": "https://registry.npmjs.org/is-supported-regexp-flag/-/is-supported-regexp-flag-1.0.0.tgz",
      "integrity": "sha1-i1IMhfrnolM4LUsCZS4EVXbhO7g="
    },
    "iter-tools": {
      "version": "1.4.1",
      "resolved": "https://registry.npmjs.org/iter-tools/-/iter-tools-1.4.1.tgz",
      "integrity": "sha1-ALBnbj4M0kaLK6pgpJTS5JvC7hw=",
      "requires": {
        "async-deco": "7.6.0",
        "babel-runtime": "6.26.0",
        "clone-regexp": "1.0.0",
        "dequeue": "1.0.5",
        "require-all": "2.2.0"
      }
    },
    "little-ds-toolkit": {
      "version": "0.2.1",
      "resolved": "https://registry.npmjs.org/little-ds-toolkit/-/little-ds-toolkit-0.2.1.tgz",
      "integrity": "sha1-ofXMi9x+9BGN2YCwcVHrNwB0KJA=",
      "requires": {
        "sizeof": "1.0.0"
      }
    },
    "lodash.get": {
      "version": "4.4.2",
      "resolved": "https://registry.npmjs.org/lodash.get/-/lodash.get-4.4.2.tgz",
      "integrity": "sha1-LRd/ZS+jHpObRDjVNBSZ36OCXpk="
    },
    "log": {
      "version": "1.4.0",
      "resolved": "https://registry.npmjs.org/log/-/log-1.4.0.tgz",
      "integrity": "sha1-S6HYkP3iSbAx3KA7w36q8yVlbxw="
    },
    "lzz-gyp": {
      "version": "0.4.2",
      "resolved": "https://registry.npmjs.org/lzz-gyp/-/lzz-gyp-0.4.2.tgz",
      "integrity": "sha1-SVxEA0ofUMSKYPDvnCjUJ2Olspc="
    },
    "md5-o-matic": {
      "version": "0.1.1",
      "resolved": "https://registry.npmjs.org/md5-o-matic/-/md5-o-matic-0.1.1.tgz",
      "integrity": "sha1-givM1l4RfFFPqxdrJZRdVBAKA8M="
    },
    "memoize-cache-utils": {
      "version": "0.0.2",
      "resolved": "https://registry.npmjs.org/memoize-cache-utils/-/memoize-cache-utils-0.0.2.tgz",
      "integrity": "sha1-B6A0JOb2zuhmxxMebwD52q9u890=",
      "requires": {
        "md5-o-matic": "0.1.1"
      }
    },
    "minimist": {
      "version": "0.0.8",
      "resolved": "https://registry.npmjs.org/minimist/-/minimist-0.0.8.tgz",
      "integrity": "sha1-hX/Kv8M5fSYluCKCYuhqp6ARsF0="
    },
    "mkdirp": {
      "version": "0.5.1",
      "resolved": "https://registry.npmjs.org/mkdirp/-/mkdirp-0.5.1.tgz",
      "integrity": "sha1-MAV0OOrGz3+MR2fzhkjWaX11yQM=",
      "requires": {
        "minimist": "0.0.8"
      }
    },
    "n-readlines": {
      "version": "0.2.8",
      "resolved": "https://registry.npmjs.org/n-readlines/-/n-readlines-0.2.8.tgz",
      "integrity": "sha512-FRr6GU0vooiPAuHMBt/Pspm4htItJKCehs8Q2urdUuigXsdQzP8V03UaQedeCmiygqJwtuGhnidWHRHhUOAg9w=="
    },
    "nan": {
      "version": "2.8.0",
      "resolved": "https://registry.npmjs.org/nan/-/nan-2.8.0.tgz",
      "integrity": "sha1-7XFfP+neArV6XmJS2QqWZ14fCFo="
    },
    "occamsrazor-match": {
      "version": "4.1.0",
      "resolved": "https://registry.npmjs.org/occamsrazor-match/-/occamsrazor-match-4.1.0.tgz",
      "integrity": "sha1-YWvqMx8QASqpeHWHGVPX75NOTt4="
    },
    "regenerator-runtime": {
      "version": "0.11.1",
      "resolved": "https://registry.npmjs.org/regenerator-runtime/-/regenerator-runtime-0.11.1.tgz",
      "integrity": "sha512-MguG95oij0fC3QV3URf4V2SDYGJhJnJGqvIIgdECeODCT98wSWDAJ94SSuVpYQUoTcGUIL6L4yNB7j1DFFHSBg=="
    },
    "require-all": {
      "version": "2.2.0",
      "resolved": "https://registry.npmjs.org/require-all/-/require-all-2.2.0.tgz",
      "integrity": "sha1-tEIMIzrAKC0P9Jsnf7iAqLXeCJQ="
    },
    "sas7bdat": {
      "version": "0.1.5",
      "resolved": "https://registry.npmjs.org/sas7bdat/-/sas7bdat-0.1.5.tgz",
      "integrity": "sha1-IzWpKtbJYiRzlkEYy4asZwjNrkc=",
      "requires": {
        "csv-stringify": "1.1.2",
        "denodeify": "1.2.1",
        "fs-ext": "0.5.0"
      }
    },
    "setimmediate": {
      "version": "1.0.5",
      "resolved": "https://registry.npmjs.org/setimmediate/-/setimmediate-1.0.5.tgz",
      "integrity": "sha1-KQy7Iy4waULX1+qbg3Mqt4VvgoU="
    },
    "sizeof": {
      "version": "1.0.0",
      "resolved": "https://registry.npmjs.org/sizeof/-/sizeof-1.0.0.tgz",
      "integrity": "sha1-Qa3hqbZdKek6Q+zPSmPw1YGPIA4="
    },
    "uuid": {
      "version": "2.0.3",
      "resolved": "https://registry.npmjs.org/uuid/-/uuid-2.0.3.tgz",
      "integrity": "sha1-Z+LoY3lyFVMN/zGOW/nc6/1Hsho="
    }
  }
}
